
Microsoft Visual Studio Solution File, Format Version 12.00
# Visual Studio Version 17
VisualStudioVersion = 17.3.32519.111
MinimumVisualStudioVersion = 10.0.40219.1
Project("{FAE04EC0-301F-11D3-BF4B-00C04F79EFBC}") = "AWSLambdaWebAPIHost", "AWSLambdaWebAPIHost\AWSLambdaWebAPIHost.csproj", "{BF04725E-7082-44E2-9F4C-4FED0F5BFB15}"
EndProject
Global
	GlobalSection(SolutionConfigurationPlatforms) = preSolution
		Debug|Any CPU = Debug|Any CPU
		Release|Any CPU = Release|Any CPU
	EndGlobalSection
	GlobalSection(ProjectConfigurationPlatforms) = postSolution
		{BF04725E-7082-44E2-9F4C-4FED0F5BFB15}.Debug|Any CPU.ActiveCfg = Debug|Any CPU
		{BF04725E-7082-44E2-9F4C-4FED0F5BFB15}.Debug|Any CPU.Build.0 = Debug|Any CPU
		{BF04725E-7082-44E2-9F4C-4FED0F5BFB15}.Release|Any CPU.ActiveCfg = Release|Any CPU
		{BF04725E-7082-44E2-9F4C-4FED0F5BFB15}.Release|Any CPU.Build.0 = Release|Any CPU
	EndGlobalSection
	GlobalSection(SolutionProperties) = preSolution
		HideSolutionNode = FALSE
	EndGlobalSection
	GlobalSection(ExtensibilityGlobals) = postSolution
		SolutionGuid = {B33556A5-EA27-48E9-B040-D651354F71EE}
	EndGlobalSection
EndGlobal
